// !$*UTF8*$!
{
	archiveVersion = 1;
	classes = {
	};
	objectVersion = 46;
	objects = {

/* Begin PBXBuildFile section */
		96B447EB1B14F2B2000154CB /* main.m in Sources */ = {isa = PBXBuildFile; fileRef = 96B447EA1B14F2B2000154CB /* main.m */; };
		96B447EE1B14F2B2000154CB /* AppDelegate.m in Sources */ = {isa = PBXBuildFile; fileRef = 96B447ED1B14F2B2000154CB /* AppDelegate.m */; };
		96B447F11B14F2B2000154CB /* EveryDoCoreData.xcdatamodeld in Sources */ = {isa = PBXBuildFile; fileRef = 96B447EF1B14F2B2000154CB /* EveryDoCoreData.xcdatamodeld */; };
		96B447F41B14F2B2000154CB /* MasterViewController.m in Sources */ = {isa = PBXBuildFile; fileRef = 96B447F31B14F2B2000154CB /* MasterViewController.m */; };
		96B447F71B14F2B2000154CB /* DetailViewController.m in Sources */ = {isa = PBXBuildFile; fileRef = 96B447F61B14F2B2000154CB /* DetailViewController.m */; };
		96B447FA1B14F2B2000154CB /* Main.storyboard in Resources */ = {isa = PBXBuildFile; fileRef = 96B447F81B14F2B2000154CB /* Main.storyboard */; };
		96B447FC1B14F2B2000154CB /* Images.xcassets in Resources */ = {isa = PBXBuildFile; fileRef = 96B447FB1B14F2B2000154CB /* Images.xcassets */; };
		96B447FF1B14F2B2000154CB /* LaunchScreen.xib in Resources */ = {isa = PBXBuildFile; fileRef = 96B447FD1B14F2B2000154CB /* LaunchScreen.xib */; };
		96B4480B1B14F2B2000154CB /* EveryDoCoreDataTests.m in Sources */ = {isa = PBXBuildFile; fileRef = 96B4480A1B14F2B2000154CB /* EveryDoCoreDataTests.m */; };
/* End PBXBuildFile section */

/* Begin PBXContainerItemProxy section */
		96B448051B14F2B2000154CB /* PBXContainerItemProxy */ = {
			isa = PBXContainerItemProxy;
			containerPortal = 96B447DD1B14F2B2000154CB /* Project object */;
			proxyType = 1;
			remoteGlobalIDString = 96B447E41B14F2B2000154CB;
			remoteInfo = EveryDoCoreData;
		};
/* End PBXContainerItemProxy section */

/* Begin PBXFileReference section */
		96B447E51B14F2B2000154CB /* EveryDoCoreData.app */ = {isa = PBXFileReference; explicitFileType = wrapper.application; includeInIndex = 0; path = EveryDoCoreData.app; sourceTree = BUILT_PRODUCTS_DIR; };
		96B447E91B14F2B2000154CB /* Info.plist */ = {isa = PBXFileReference; lastKnownFileType = text.plist.xml; path = Info.plist; sourceTree = "<group>"; };
		96B447EA1B14F2B2000154CB /* main.m */ = {isa = PBXFileReference; lastKnownFileType = sourcecode.c.objc; path = main.m; sourceTree = "<group>"; };
		96B447EC1B14F2B2000154CB /* AppDelegate.h */ = {isa = PBXFileReference; lastKnownFileType = sourcecode.c.h; path = AppDelegate.h; sourceTree = "<group>"; };
		96B447ED1B14F2B2000154CB /* AppDelegate.m */ = {isa = PBXFileReference; lastKnownFileType = sourcecode.c.objc; path = AppDelegate.m; sourceTree = "<group>"; };
		96B447F01B14F2B2000154CB /* EveryDoCoreData.xcdatamodel */ = {isa = PBXFileReference; lastKnownFileType = wrapper.xcdatamodel; path = EveryDoCoreData.xcdatamodel; sourceTree = "<group>"; };
		96B447F21B14F2B2000154CB /* MasterViewController.h */ = {isa = PBXFileReference; lastKnownFileType = sourcecode.c.h; path = MasterViewController.h; sourceTree = "<group>"; };
		96B447F31B14F2B2000154CB /* MasterViewController.m */ = {isa = PBXFileReference; lastKnownFileType = sourcecode.c.objc; path = MasterViewController.m; sourceTree = "<group>"; };
		96B447F51B14F2B2000154CB /* DetailViewController.h */ = {isa = PBXFileReference; lastKnownFileType = sourcecode.c.h; path = DetailViewController.h; sourceTree = "<group>"; };
		96B447F61B14F2B2000154CB /* DetailViewController.m */ = {isa = PBXFileReference; lastKnownFileType = sourcecode.c.objc; path = DetailViewController.m; sourceTree = "<group>"; };
		96B447F91B14F2B2000154CB /* Base */ = {isa = PBXFileReference; lastKnownFileType = file.storyboard; name = Base; path = Base.lproj/Main.storyboard; sourceTree = "<group>"; };
		96B447FB1B14F2B2000154CB /* Images.xcassets */ = {isa = PBXFileReference; lastKnownFileType = folder.assetcatalog; path = Images.xcassets; sourceTree = "<group>"; };
		96B447FE1B14F2B2000154CB /* Base */ = {isa = PBXFileReference; lastKnownFileType = file.xib; name = Base; path = Base.lproj/LaunchScreen.xib; sourceTree = "<group>"; };
		96B448041B14F2B2000154CB /* EveryDoCoreDataTests.xctest */ = {isa = PBXFileReference; explicitFileType = wrapper.cfbundle; includeInIndex = 0; path = EveryDoCoreDataTests.xctest; sourceTree = BUILT_PRODUCTS_DIR; };
		96B448091B14F2B2000154CB /* Info.plist */ = {isa = PBXFileReference; lastKnownFileType = text.plist.xml; path = Info.plist; sourceTree = "<group>"; };
		96B4480A1B14F2B2000154CB /* EveryDoCoreDataTests.m */ = {isa = PBXFileReference; lastKnownFileType = sourcecode.c.objc; path = EveryDoCoreDataTests.m; sourceTree = "<group>"; };
/* End PBXFileReference section */

/* Begin PBXFrameworksBuildPhase section */
		96B447E21B14F2B2000154CB /* Frameworks */ = {
			isa = PBXFrameworksBuildPhase;
			buildActionMask = 2147483647;
			files = (
			);
			runOnlyForDeploymentPostprocessing = 0;
		};
		96B448011B14F2B2000154CB /* Frameworks */ = {
			isa = PBXFrameworksBuildPhase;
			buildActionMask = 2147483647;
			files = (
			);
			runOnlyForDeploymentPostprocessing = 0;
		};
/* End PBXFrameworksBuildPhase section */

/* Begin PBXGroup section */
		96B447DC1B14F2B2000154CB = {
			isa = PBXGroup;
			children = (
				96B447E71B14F2B2000154CB /* EveryDoCoreData */,
				96B448071B14F2B2000154CB /* EveryDoCoreDataTests */,
				96B447E61B14F2B2000154CB /* Products */,
			);
			sourceTree = "<group>";
		};
		96B447E61B14F2B2000154CB /* Products */ = {
			isa = PBXGroup;
			children = (
				96B447E51B14F2B2000154CB /* EveryDoCoreData.app */,
				96B448041B14F2B2000154CB /* EveryDoCoreDataTests.xctest */,
			);
			name = Products;
			sourceTree = "<group>";
		};
		96B447E71B14F2B2000154CB /* EveryDoCoreData */ = {
			isa = PBXGroup;
			children = (
				96B447EC1B14F2B2000154CB /* AppDelegate.h */,
				96B447ED1B14F2B2000154CB /* AppDelegate.m */,
				96B447F21B14F2B2000154CB /* MasterViewController.h */,
				96B447F31B14F2B2000154CB /* MasterViewController.m */,
				96B447F51B14F2B2000154CB /* DetailViewController.h */,
				96B447F61B14F2B2000154CB /* DetailViewController.m */,
				96B447F81B14F2B2000154CB /* Main.storyboard */,
				96B447FB1B14F2B2000154CB /* Images.xcassets */,
				96B447FD1B14F2B2000154CB /* LaunchScreen.xib */,
				96B447EF1B14F2B2000154CB /* EveryDoCoreData.xcdatamodeld */,
				96B447E81B14F2B2000154CB /* Supporting Files */,
			);
			path = EveryDoCoreData;
			sourceTree = "<group>";
		};
		96B447E81B14F2B2000154CB /* Supporting Files */ = {
			isa = PBXGroup;
			children = (
				96B447E91B14F2B2000154CB /* Info.plist */,
				96B447EA1B14F2B2000154CB /* main.m */,
			);
			name = "Supporting Files";
			sourceTree = "<group>";
		};
		96B448071B14F2B2000154CB /* EveryDoCoreDataTests */ = {
			isa = PBXGroup;
			children = (
				96B4480A1B14F2B2000154CB /* EveryDoCoreDataTests.m */,
				96B448081B14F2B2000154CB /* Supporting Files */,
			);
			path = EveryDoCoreDataTests;
			sourceTree = "<group>";
		};
		96B448081B14F2B2000154CB /* Supporting Files */ = {
			isa = PBXGroup;
			children = (
				96B448091B14F2B2000154CB /* Info.plist */,
			);
			name = "Supporting Files";
			sourceTree = "<group>";
		};
/* End PBXGroup section */

/* Begin PBXNativeTarget section */
		96B447E41B14F2B2000154CB /* EveryDoCoreData */ = {
			isa = PBXNativeTarget;
			buildConfigurationList = 96B4480E1B14F2B2000154CB /* Build configuration list for PBXNativeTarget "EveryDoCoreData" */;
			buildPhases = (
				96B447E11B14F2B2000154CB /* Sources */,
				96B447E21B14F2B2000154CB /* Frameworks */,
				96B447E31B14F2B2000154CB /* Resources */,
			);
			buildRules = (
			);
			dependencies = (
			);
			name = EveryDoCoreData;
			productName = EveryDoCoreData;
			productReference = 96B447E51B14F2B2000154CB /* EveryDoCoreData.app */;
			productType = "com.apple.product-type.application";
		};
		96B448031B14F2B2000154CB /* EveryDoCoreDataTests */ = {
			isa = PBXNativeTarget;
			buildConfigurationList = 96B448111B14F2B2000154CB /* Build configuration list for PBXNativeTarget "EveryDoCoreDataTests" */;
			buildPhases = (
				96B448001B14F2B2000154CB /* Sources */,
				96B448011B14F2B2000154CB /* Frameworks */,
				96B448021B14F2B2000154CB /* Resources */,
			);
			buildRules = (
			);
			dependencies = (
				96B448061B14F2B2000154CB /* PBXTargetDependency */,
			);
			name = EveryDoCoreDataTests;
			productName = EveryDoCoreDataTests;
			productReference = 96B448041B14F2B2000154CB /* EveryDoCoreDataTests.xctest */;
			productType = "com.apple.product-type.bundle.unit-test";
		};
/* End PBXNativeTarget section */

/* Begin PBXProject section */
		96B447DD1B14F2B2000154CB /* Project object */ = {
			isa = PBXProject;
			attributes = {
				LastUpgradeCheck = 0630;
				ORGANIZATIONNAME = "Ian Tsai";
				TargetAttributes = {
					96B447E41B14F2B2000154CB = {
						CreatedOnToolsVersion = 6.3.2;
					};
					96B448031B14F2B2000154CB = {
						CreatedOnToolsVersion = 6.3.2;
						TestTargetID = 96B447E41B14F2B2000154CB;
					};
				};
			};
			buildConfigurationList = 96B447E01B14F2B2000154CB /* Build configuration list for PBXProject "EveryDoCoreData" */;
			compatibilityVersion = "Xcode 3.2";
			developmentRegion = English;
			hasScannedForEncodings = 0;
			knownRegions = (
				en,
				Base,
			);
			mainGroup = 96B447DC1B14F2B2000154CB;
			productRefGroup = 96B447E61B14F2B2000154CB /* Products */;
			projectDirPath = "";
			projectRoot = "";
			targets = (
				96B447E41B14F2B2000154CB /* EveryDoCoreData */,
				96B448031B14F2B2000154CB /* EveryDoCoreDataTests */,
			);
		};
/* End PBXProject section */

/* Begin PBXResourcesBuildPhase section */
		96B447E31B14F2B2000154CB /* Resources */ = {
			isa = PBXResourcesBuildPhase;
			buildActionMask = 2147483647;
			files = (
				96B447FA1B14F2B2000154CB /* Main.storyboard in Resources */,
				96B447FF1B14F2B2000154CB /* LaunchScreen.xib in Resources */,
				96B447FC1B14F2B2000154CB /* Images.xcassets in Resources */,
			);
			runOnlyForDeploymentPostprocessing = 0;
		};
		96B448021B14F2B2000154CB /* Resources */ = {
			isa = PBXResourcesBuildPhase;
			buildActionMask = 2147483647;
			files = (
			);
			runOnlyForDeploymentPostprocessing = 0;
		};
/* End PBXResourcesBuildPhase section */

/* Begin PBXSourcesBuildPhase section */
		96B447E11B14F2B2000154CB /* Sources */ = {
			isa = PBXSourcesBuildPhase;
			buildActionMask = 2147483647;
			files = (
				96B447F71B14F2B2000154CB /* DetailViewController.m in Sources */,
				96B447F41B14F2B2000154CB /* MasterViewController.m in Sources */,
				96B447EE1B14F2B2000154CB /* AppDelegate.m in Sources */,
				96B447EB1B14F2B2000154CB /* main.m in Sources */,
				96B447F11B14F2B2000154CB /* EveryDoCoreData.xcdatamodeld in Sources */,
			);
			runOnlyForDeploymentPostprocessing = 0;
		};
		96B448001B14F2B2000154CB /* Sources */ = {
			isa = PBXSourcesBuildPhase;
			buildActionMask = 2147483647;
			files = (
				96B4480B1B14F2B2000154CB /* EveryDoCoreDataTests.m in Sources */,
			);
			runOnlyForDeploymentPostprocessing = 0;
		};
/* End PBXSourcesBuildPhase section */

/* Begin PBXTargetDependency section */
		96B448061B14F2B2000154CB /* PBXTargetDependency */ = {
			isa = PBXTargetDependency;
			target = 96B447E41B14F2B2000154CB /* EveryDoCoreData */;
			targetProxy = 96B448051B14F2B2000154CB /* PBXContainerItemProxy */;
		};
/* End PBXTargetDependency section */

/* Begin PBXVariantGroup section */
		96B447F81B14F2B2000154CB /* Main.storyboard */ = {
			isa = PBXVariantGroup;
			children = (
				96B447F91B14F2B2000154CB /* Base */,
			);
			name = Main.storyboard;
			sourceTree = "<group>";
		};
		96B447FD1B14F2B2000154CB /* LaunchScreen.xib */ = {
			isa = PBXVariantGroup;
			children = (
				96B447FE1B14F2B2000154CB /* Base */,
			);
			name = LaunchScreen.xib;
			sourceTree = "<group>";
		};
/* End PBXVariantGroup section */

/* Begin XCBuildConfiguration section */
		96B4480C1B14F2B2000154CB /* Debug */ = {
			isa = XCBuildConfiguration;
			buildSettings = {
				ALWAYS_SEARCH_USER_PATHS = NO;
				CLANG_CXX_LANGUAGE_STANDARD = "gnu++0x";
				CLANG_CXX_LIBRARY = "libc++";
				CLANG_ENABLE_MODULES = YES;
				CLANG_ENABLE_OBJC_ARC = YES;
				CLANG_WARN_BOOL_CONVERSION = YES;
				CLANG_WARN_CONSTANT_CONVERSION = YES;
				CLANG_WARN_DIRECT_OBJC_ISA_USAGE = YES_ERROR;
				CLANG_WARN_EMPTY_BODY = YES;
				CLANG_WARN_ENUM_CONVERSION = YES;
				CLANG_WARN_INT_CONVERSION = YES;
				CLANG_WARN_OBJC_ROOT_CLASS = YES_ERROR;
				CLANG_WARN_UNREACHABLE_CODE = YES;
				CLANG_WARN__DUPLICATE_METHOD_MATCH = YES;
				"CODE_SIGN_IDENTITY[sdk=iphoneos*]" = "iPhone Developer";
				COPY_PHASE_STRIP = NO;
				DEBUG_INFORMATION_FORMAT = "dwarf-with-dsym";
				ENABLE_STRICT_OBJC_MSGSEND = YES;
				GCC_C_LANGUAGE_STANDARD = gnu99;
				GCC_DYNAMIC_NO_PIC = NO;
				GCC_NO_COMMON_BLOCKS = YES;
				GCC_OPTIMIZATION_LEVEL = 0;
				GCC_PREPROCESSOR_DEFINITIONS = (
					"DEBUG=1",
					"$(inherited)",
				);
				GCC_SYMBOLS_PRIVATE_EXTERN = NO;
				GCC_WARN_64_TO_32_BIT_CONVERSION = YES;
				GCC_WARN_ABOUT_RETURN_TYPE = YES_ERROR;
				GCC_WARN_UNDECLARED_SELECTOR = YES;
				GCC_WARN_UNINITIALIZED_AUTOS = YES_AGGRESSIVE;
				GCC_WARN_UNUSED_FUNCTION = YES;
				GCC_WARN_UNUSED_VARIABLE = YES;
				IPHONEOS_DEPLOYMENT_TARGET = 8.3;
				MTL_ENABLE_DEBUG_INFO = YES;
				ONLY_ACTIVE_ARCH = YES;
				SDKROOT = iphoneos;
			};
			name = Debug;
		};
		96B4480D1B14F2B2000154CB /* Release */ = {
			isa = XCBuildConfiguration;
			buildSettings = {
				ALWAYS_SEARCH_USER_PATHS = NO;
				CLANG_CXX_LANGUAGE_STANDARD = "gnu++0x";
				CLANG_CXX_LIBRARY = "libc++";
				CLANG_ENABLE_MODULES = YES;
				CLANG_ENABLE_OBJC_ARC = YES;
				CLANG_WARN_BOOL_CONVERSION = YES;
				CLANG_WARN_CONSTANT_CONVERSION = YES;
				CLANG_WARN_DIRECT_OBJC_ISA_USAGE = YES_ERROR;
				CLANG_WARN_EMPTY_BODY = YES;
				CLANG_WARN_ENUM_CONVERSION = YES;
				CLANG_WARN_INT_CONVERSION = YES;
				CLANG_WARN_OBJC_ROOT_CLASS = YES_ERROR;
				CLANG_WARN_UNREACHABLE_CODE = YES;
				CLANG_WARN__DUPLICATE_METHOD_MATCH = YES;
				"CODE_SIGN_IDENTITY[sdk=iphoneos*]" = "iPhone Developer";
				COPY_PHASE_STRIP = NO;
				DEBUG_INFORMATION_FORMAT = "dwarf-with-dsym";
				ENABLE_NS_ASSERTIONS = NO;
				ENABLE_STRICT_OBJC_MSGSEND = YES;
				GCC_C_LANGUAGE_STANDARD = gnu99;
				GCC_NO_COMMON_BLOCKS = YES;
				GCC_WARN_64_TO_32_BIT_CONVERSION = YES;
				GCC_WARN_ABOUT_RETURN_TYPE = YES_ERROR;
				GCC_WARN_UNDECLARED_SELECTOR = YES;
				GCC_WARN_UNINITIALIZED_AUTOS = YES_AGGRESSIVE;
				GCC_WARN_UNUSED_FUNCTION = YES;
				GCC_WARN_UNUSED_VARIABLE = YES;
				IPHONEOS_DEPLOYMENT_TARGET = 8.3;
				MTL_ENABLE_DEBUG_INFO = NO;
				SDKROOT = iphoneos;
				VALIDATE_PRODUCT = YES;
			};
			name = Release;
		};
		96B4480F1B14F2B2000154CB /* Debug */ = {
			isa = XCBuildConfiguration;
			buildSettings = {
				ASSETCATALOG_COMPILER_APPICON_NAME = AppIcon;
				INFOPLIST_FILE = EveryDoCoreData/Info.plist;
				LD_RUNPATH_SEARCH_PATHS = "$(inherited) @executable_path/Frameworks";
				PRODUCT_NAME = "$(TARGET_NAME)";
			};
			name = Debug;
		};
		96B448101B14F2B2000154CB /* Release */ = {
			isa = XCBuildConfiguration;
			buildSettings = {
				ASSETCATALOG_COMPILER_APPICON_NAME = AppIcon;
				INFOPLIST_FILE = EveryDoCoreData/Info.plist;
				LD_RUNPATH_SEARCH_PATHS = "$(inherited) @executable_path/Frameworks";
				PRODUCT_NAME = "$(TARGET_NAME)";
			};
			name = Release;
		};
		96B448121B14F2B2000154CB /* Debug */ = {
			isa = XCBuildConfiguration;
			buildSettings = {
				BUNDLE_LOADER = "$(TEST_HOST)";
				FRAMEWORK_SEARCH_PATHS = (
					"$(SDKROOT)/Developer/Library/Frameworks",
					"$(inherited)",
				);
				GCC_PREPROCESSOR_DEFINITIONS = (
					"DEBUG=1",
					"$(inherited)",
				);
				INFOPLIST_FILE = EveryDoCoreDataTests/Info.plist;
				LD_RUNPATH_SEARCH_PATHS = "$(inherited) @executable_path/Frameworks @loader_path/Frameworks";
				PRODUCT_NAME = "$(TARGET_NAME)";
				TEST_HOST = "$(BUILT_PRODUCTS_DIR)/EveryDoCoreData.app/EveryDoCoreData";
			};
			name = Debug;
		};
		96B448131B14F2B2000154CB /* Release */ = {
			isa = XCBuildConfiguration;
			buildSettings = {
				BUNDLE_LOADER = "$(TEST_HOST)";
				FRAMEWORK_SEARCH_PATHS = (
					"$(SDKROOT)/Developer/Library/Frameworks",
					"$(inherited)",
				);
				INFOPLIST_FILE = EveryDoCoreDataTests/Info.plist;
				LD_RUNPATH_SEARCH_PATHS = "$(inherited) @executable_path/Frameworks @loader_path/Frameworks";
				PRODUCT_NAME = "$(TARGET_NAME)";
				TEST_HOST = "$(BUILT_PRODUCTS_DIR)/EveryDoCoreData.app/EveryDoCoreData";
			};
			name = Release;
		};
/* End XCBuildConfiguration section */

/* Begin XCConfigurationList section */
		96B447E01B14F2B2000154CB /* Build configuration list for PBXProject "EveryDoCoreData" */ = {
			isa = XCConfigurationList;
			buildConfigurations = (
				96B4480C1B14F2B2000154CB /* Debug */,
				96B4480D1B14F2B2000154CB /* Release */,
			);
			defaultConfigurationIsVisible = 0;
			defaultConfigurationName = Release;
		};
		96B4480E1B14F2B2000154CB /* Build configuration list for PBXNativeTarget "EveryDoCoreData" */ = {
			isa = XCConfigurationList;
			buildConfigurations = (
				96B4480F1B14F2B2000154CB /* Debug */,
				96B448101B14F2B2000154CB /* Release */,
			);
			defaultConfigurationIsVisible = 0;
		};
		96B448111B14F2B2000154CB /* Build configuration list for PBXNativeTarget "EveryDoCoreDataTests" */ = {
			isa = XCConfigurationList;
			buildConfigurations = (
				96B448121B14F2B2000154CB /* Debug */,
				96B448131B14F2B2000154CB /* Release */,
			);
			defaultConfigurationIsVisible = 0;
		};
/* End XCConfigurationList section */

/* Begin XCVersionGroup section */
		96B447EF1B14F2B2000154CB /* EveryDoCoreData.xcdatamodeld */ = {
			isa = XCVersionGroup;
			children = (
				96B447F01B14F2B2000154CB /* EveryDoCoreData.xcdatamodel */,
			);
			currentVersion = 96B447F01B14F2B2000154CB /* EveryDoCoreData.xcdatamodel */;
			path = EveryDoCoreData.xcdatamodeld;
			sourceTree = "<group>";
			versionGroupType = wrapper.xcdatamodel;
		};
/* End XCVersionGroup section */
	};
	rootObject = 96B447DD1B14F2B2000154CB /* Project object */;
}
